
Microsoft Visual Studio Solution File, Format Version 12.00
Project("{FAE04EC0-301F-11D3-BF4B-00C04F79EFBC}") = "Figures", "Figures\Figures.csproj", "{7450C377-D4D7-4B83-AA36-A05F8852D60D}"
EndProject
Project("{FAE04EC0-301F-11D3-BF4B-00C04F79EFBC}") = "ConsoleApp1", "ConsoleApp1\ConsoleApp1.csproj", "{52E4AB47-F491-41AB-AFCD-7C18C6E40BF7}"
EndProject
Global
	GlobalSection(SolutionConfigurationPlatforms) = preSolution
		Debug|Any CPU = Debug|Any CPU
		Release|Any CPU = Release|Any CPU
	EndGlobalSection
	GlobalSection(ProjectConfigurationPlatforms) = postSolution
		{7450C377-D4D7-4B83-AA36-A05F8852D60D}.Debug|Any CPU.ActiveCfg = Debug|Any CPU
		{7450C377-D4D7-4B83-AA36-A05F8852D60D}.Debug|Any CPU.Build.0 = Debug|Any CPU
		{7450C377-D4D7-4B83-AA36-A05F8852D60D}.Release|Any CPU.ActiveCfg = Release|Any CPU
		{7450C377-D4D7-4B83-AA36-A05F8852D60D}.Release|Any CPU.Build.0 = Release|Any CPU
		{52E4AB47-F491-41AB-AFCD-7C18C6E40BF7}.Debug|Any CPU.ActiveCfg = Debug|Any CPU
		{52E4AB47-F491-41AB-AFCD-7C18C6E40BF7}.Debug|Any CPU.Build.0 = Debug|Any CPU
		{52E4AB47-F491-41AB-AFCD-7C18C6E40BF7}.Release|Any CPU.ActiveCfg = Release|Any CPU
		{52E4AB47-F491-41AB-AFCD-7C18C6E40BF7}.Release|Any CPU.Build.0 = Release|Any CPU
	EndGlobalSection
EndGlobal
